version = 1
revision = 3
requires-python = ">=3.11, <3.13"

[[package]]
name = "annotated-doc"
version = "0.0.4"
source = { registry = "https://pypi.org/simple" }
sdist = { url = "https://files.pythonhosted.org/packages/57/ba/046ceea27344560984e26a590f90bc7f4a75b06701f653222458922b558c/annotated_doc-0.0.4.tar.gz", hash = "sha256:fbcda96e87e9c92ad167c2e53839e57503ecfda18804ea28102353485033faa4", size = 7288, upload-time = "2025-11-10T22:07:42.062Z" }
wheels = [
    { url = "https://files.pythonhosted.org/packages/1e/d3/26bf1008eb3d2daa8ef4cacc7f3bfdc11818d111f7e2d0201bc6e3b49d45/annotated_doc-0.0.4-py3-none-any.whl", hash = "sha256:571ac1dc6991c450b25a9c2d84a3705e2ae7a53467b5d111c24fa8baabbed320", size = 5303, upload-time = "2025-11-10T22:07:40.673Z" },
]

[[package]]
name = "anyio"
version = "4.13.0"
source = { registry = "https://pypi.org/simple" }
dependencies = [
    { name = "idna" },
    { name = "typing-extensions" },
]
sdist = { url = "https://files.pythonhosted.org/packages/19/14/2c5dd9f512b66549ae92767a9c7b330ae88e1932ca57876909410251fe13/anyio-4.13.0.tar.gz", hash = "sha256:334b70e641fd2221c1505b3890c69882fe4a2df910cba14d97019b90b24439dc", size = 231622, upload-time = "2026-03-24T12:59:09.671Z" }
wheels = [
    { url = "https://files.pythonhosted.org/packages/da/42/e921fccf5015463e32a3cf6ee7f980a6ed0f395ceeaa45060b61d86486c2/anyio-4.13.0-py3-none-any.whl", hash = "sha256:08b310f9e24a9594186fd75b4f73f4a4152069e3853f1ed8bfbf58369f4ad708", size = 114353, upload-time = "2026-03-24T12:59:08.246Z" },
]

[[package]]
name = "certifi"
version = "2026.4.22"
source = { registry = "https://pypi.org/simple" }
sdist = { url = "https://files.pythonhosted.org/packages/25/ee/6caf7a40c36a1220410afe15a1cc64993a1f864871f698c0f93acb72842a/certifi-2026.4.22.tar.gz", hash = "sha256:8d455352a37b71bf76a79caa83a3d6c25afee4a385d632127b6afb3963f1c580", size = 137077, upload-time = "2026-04-22T11:26:11.191Z" }
wheels = [
    { url = "https://files.pythonhosted.org/packages/22/30/7cd8fdcdfbc5b869528b079bfb76dcdf6056b1a2097a662e5e8c04f42965/certifi-2026.4.22-py3-none-any.whl", hash = "sha256:3cb2210c8f88ba2318d29b0388d1023c8492ff72ecdde4ebdaddbb13a31b1c4a", size = 135707, upload-time = "2026-04-22T11:26:09.372Z" },
]

[[package]]
name = "click"
version = "8.3.3"
source = { registry = "https://pypi.org/simple" }
dependencies = [
    { name = "colorama", marker = "sys_platform == 'win32'" },
]
sdist = { url = "https://files.pythonhosted.org/packages/bb/63/f9e1ea081ce35720d8b92acde70daaedace594dc93b693c869e0d5910718/click-8.3.3.tar.gz", hash = "sha256:398329ad4837b2ff7cbe1dd166a4c0f8900c3ca3a218de04466f38f6497f18a2", size = 328061, upload-time = "2026-04-22T15:11:27.506Z" }
wheels = [
    { url = "https://files.pythonhosted.org/packages/ae/44/c1221527f6a71a01ec6fbad7fa78f1d50dfa02217385cf0fa3eec7087d59/click-8.3.3-py3-none-any.whl", hash = "sha256:a2bf429bb3033c89fa4936ffb35d5cb471e3719e1f3c8a7c3fff0b8314305613", size = 110502, upload-time = "2026-04-22T15:11:25.044Z" },
]

[[package]]
name = "colorama"
version = "0.4.6"
source = { registry = "https://pypi.org/simple" }
sdist = { url = "https://files.pythonhosted.org/packages/d8/53/6f443c9a4a8358a93a6792e2acffb9d9d5cb0a5cfd8802644b7b1c9a02e4/colorama-0.4.6.tar.gz", hash = "sha256:08695f5cb7ed6e0531a20572697297273c47b8cae5a63ffc6d6ed5c201be6e44", size = 27697, upload-time = "2022-10-25T02:36:22.414Z" }
wheels = [
    { url = "https://files.pythonhosted.org/packages/d1/d6/3965ed04c63042e047cb6a3e6ed1a63a35087b6a609aa3a15ed8ac56c221/colorama-0.4.6-py2.py3-none-any.whl", hash = "sha256:4f1d9991f5acc0ca119f9d443620b77f9d6b33703e51011c16baf57afb285fc6", size = 25335, upload-time = "2022-10-25T02:36:20.889Z" },
]

[[package]]
name = "et-xmlfile"
version = "2.0.0"
source = { registry = "https://pypi.org/simple" }
sdist = { url = "https://files.pythonhosted.org/packages/d3/38/af70d7ab1ae9d4da450eeec1fa3918940a5fafb9055e934af8d6eb0c2313/et_xmlfile-2.0.0.tar.gz", hash = "sha256:dab3f4764309081ce75662649be815c4c9081e88f0837825f90fd28317d4da54", size = 17234, upload-time = "2024-10-25T17:25:40.039Z" }
wheels = [
    { url = "https://files.pythonhosted.org/packages/c1/8b/5fe2cc11fee489817272089c4203e679c63b570a5aaeb18d852ae3cbba6a/et_xmlfile-2.0.0-py3-none-any.whl", hash = "sha256:7a91720bc756843502c3b7504c77b8fe44217c85c537d85037f0f536151b2caa", size = 18059, upload-time = "2024-10-25T17:25:39.051Z" },
]

[[package]]
name = "extract-entities"
version = "0.1.0"
source = { virtual = "." }
dependencies = [
    { name = "flashtext" },
    { name = "httpx" },
    { name = "loguru" },
    { name = "openpyxl" },
    { name = "rapidfuzz" },
    { name = "rich" },
    { name = "typer" },
]

[package.metadata]
requires-dist = [
    { name = "flashtext", specifier = ">=2.7" },
    { name = "httpx", specifier = ">=0.27" },
    { name = "loguru", specifier = ">=0.7,<0.7.3" },
    { name = "openpyxl", specifier = ">=3.1" },
    { name = "rapidfuzz", specifier = ">=3.0" },
    { name = "rich", specifier = ">=13.0" },
    { name = "typer", specifier = ">=0.9" },
]

[[package]]
name = "flashtext"
version = "2.7"
source = { registry = "https://pypi.org/simple" }
sdist = { url = "https://files.pythonhosted.org/packages/81/d8/2cd0656eae456d615c2f1efbcae8dfca2cb871a31f34ba8925aba47d5e09/flashtext-2.7.tar.gz", hash = "sha256:a1be2b93e09d4f0deee4aad72b91a7127b61fb8b8034ca9a9c78ea745d8b05cf", size = 14536, upload-time = "2018-02-16T05:24:17.232Z" }

[[package]]
name = "h11"
version = "0.16.0"
source = { registry = "https://pypi.org/simple" }
sdist = { url = "https://files.pythonhosted.org/packages/01/ee/02a2c011bdab74c6fb3c75474d40b3052059d95df7e73351460c8588d963/h11-0.16.0.tar.gz", hash = "sha256:4e35b956cf45792e4caa5885e69fba00bdbc6ffafbfa020300e549b208ee5ff1", size = 101250, upload-time = "2025-04-24T03:35:25.427Z" }
wheels = [
    { url = "https://files.pythonhosted.org/packages/04/4b/29cac41a4d98d144bf5f6d33995617b185d14b22401f75ca86f384e87ff1/h11-0.16.0-py3-none-any.whl", hash = "sha256:63cf8bbe7522de3bf65932fda1d9c2772064ffb3dae62d55932da54b31cb6c86", size = 37515, upload-time = "2025-04-24T03:35:24.344Z" },
]

[[package]]
name = "httpcore"
version = "1.0.9"
source = { registry = "https://pypi.org/simple" }
dependencies = [
    { name = "certifi" },
    { name = "h11" },
]
sdist = { url = "https://files.pythonhosted.org/packages/06/94/82699a10bca87a5556c9c59b5963f2d039dbd239f25bc2a63907a05a14cb/httpcore-1.0.9.tar.gz", hash = "sha256:6e34463af53fd2ab5d807f399a9b45ea31c3dfa2276f15a2c3f00afff6e176e8", size = 85484, upload-time = "2025-04-24T22:06:22.219Z" }
wheels = [
    { url = "https://files.pythonhosted.org/packages/7e/f5/f66802a942d491edb555dd61e3a9961140fd64c90bce1eafd741609d334d/httpcore-1.0.9-py3-none-any.whl", hash = "sha256:2d400746a40668fc9dec9810239072b40b4484b640a8c38fd654a024c7a1bf55", size = 78784, upload-time = "2025-04-24T22:06:20.566Z" },
]

[[package]]
name = "httpx"
version = "0.28.1"
source = { registry = "https://pypi.org/simple" }
dependencies = [
    { name = "anyio" },
    { name = "certifi" },
    { name = "httpcore" },
    { name = "idna" },
]
sdist = { url = "https://files.pythonhosted.org/packages/b1/df/48c586a5fe32a0f01324ee087459e112ebb7224f646c0b5023f5e79e9956/httpx-0.28.1.tar.gz", hash = "sha256:75e98c5f16b0f35b567856f597f06ff2270a374470a5c2392242528e3e3e42fc", size = 141406, upload-time = "2024-12-06T15:37:23.222Z" }
wheels = [
    { url = "https://files.pythonhosted.org/packages/2a/39/e50c7c3a983047577ee07d2a9e53faf5a69493943ec3f6a384bdc792deb2/httpx-0.28.1-py3-none-any.whl", hash = "sha256:d909fcccc110f8c7faf814ca82a9a4d816bc5a6dbfea25d6591d6985b8ba59ad", size = 73517, upload-time = "2024-12-06T15:37:21.509Z" },
]

[[package]]
name = "idna"
version = "3.12"
source = { registry = "https://pypi.org/simple" }
sdist = { url = "https://files.pythonhosted.org/packages/22/12/2948fbe5513d062169bd91f7d7b1cd97bc8894f32946b71fa39f6e63ca0c/idna-3.12.tar.gz", hash = "sha256:724e9952cc9e2bd7550ea784adb098d837ab5267ef67a1ab9cf7846bdbdd8254", size = 194350, upload-time = "2026-04-21T13:32:48.916Z" }
wheels = [
    { url = "https://files.pythonhosted.org/packages/53/b2/acc33950394b3becb2b664741a0c0889c7ef9f9ffbfa8d47eddb53a50abd/idna-3.12-py3-none-any.whl", hash = "sha256:60ffaa1858fac94c9c124728c24fcde8160f3fb4a7f79aa8cdd33a9d1af60a67", size = 68634, upload-time = "2026-04-21T13:32:47.403Z" },
]

[[package]]
name = "loguru"
version = "0.7.2"
source = { registry = "https://pypi.org/simple" }
dependencies = [
    { name = "colorama", marker = "sys_platform == 'win32'" },
    { name = "win32-setctime", marker = "sys_platform == 'win32'" },
]
sdist = { url = "https://files.pythonhosted.org/packages/9e/30/d87a423766b24db416a46e9335b9602b054a72b96a88a241f2b09b560fa8/loguru-0.7.2.tar.gz", hash = "sha256:e671a53522515f34fd406340ee968cb9ecafbc4b36c679da03c18fd8d0bd51ac", size = 145103, upload-time = "2023-09-11T15:24:37.926Z" }
wheels = [
    { url = "https://files.pythonhosted.org/packages/03/0a/4f6fed21aa246c6b49b561ca55facacc2a44b87d65b8b92362a8e99ba202/loguru-0.7.2-py3-none-any.whl", hash = "sha256:003d71e3d3ed35f0f8984898359d65b79e5b21943f78af86aa5491210429b8eb", size = 62549, upload-time = "2023-09-11T15:24:35.016Z" },
]

[[package]]
name = "markdown-it-py"
version = "4.0.0"
source = { registry = "https://pypi.org/simple" }
dependencies = [
    { name = "mdurl" },
]
sdist = { url = "https://files.pythonhosted.org/packages/5b/f5/4ec618ed16cc4f8fb3b701563655a69816155e79e24a17b651541804721d/markdown_it_py-4.0.0.tar.gz", hash = "sha256:cb0a2b4aa34f932c007117b194e945bd74e0ec24133ceb5bac59009cda1cb9f3", size = 73070, upload-time = "2025-08-11T12:57:52.854Z" }
wheels = [
    { url = "https://files.pythonhosted.org/packages/94/54/e7d793b573f298e1c9013b8c4dade17d481164aa517d1d7148619c2cedbf/markdown_it_py-4.0.0-py3-none-any.whl", hash = "sha256:87327c59b172c5011896038353a81343b6754500a08cd7a4973bb48c6d578147", size = 87321, upload-time = "2025-08-11T12:57:51.923Z" },
]

[[package]]
name = "mdurl"
version = "0.1.2"
source = { registry = "https://pypi.org/simple" }
sdist = { url = "https://files.pythonhosted.org/packages/d6/54/cfe61301667036ec958cb99bd3efefba235e65cdeb9c84d24a8293ba1d90/mdurl-0.1.2.tar.gz", hash = "sha256:bb413d29f5eea38f31dd4754dd7377d4465116fb207585f97bf925588687c1ba", size = 8729, upload-time = "2022-08-14T12:40:10.846Z" }
wheels = [
    { url = "https://files.pythonhosted.org/packages/b3/38/89ba8ad64ae25be8de66a6d463314cf1eb366222074cfda9ee839c56a4b4/mdurl-0.1.2-py3-none-any.whl", hash = "sha256:84008a41e51615a49fc9966191ff91509e3c40b939176e643fd50a5c2196b8f8", size = 9979, upload-time = "2022-08-14T12:40:09.779Z" },
]

[[package]]
name = "openpyxl"
version = "3.1.5"
source = { registry = "https://pypi.org/simple" }
dependencies = [
    { name = "et-xmlfile" },
]
sdist = { url = "https://files.pythonhosted.org/packages/3d/f9/88d94a75de065ea32619465d2f77b29a0469500e99012523b91cc4141cd1/openpyxl-3.1.5.tar.gz", hash = "sha256:cf0e3cf56142039133628b5acffe8ef0c12bc902d2aadd3e0fe5878dc08d1050", size = 186464, upload-time = "2024-06-28T14:03:44.161Z" }
wheels = [
    { url = "https://files.pythonhosted.org/packages/c0/da/977ded879c29cbd04de313843e76868e6e13408a94ed6b987245dc7c8506/openpyxl-3.1.5-py2.py3-none-any.whl", hash = "sha256:5282c12b107bffeef825f4617dc029afaf41d0ea60823bbb665ef3079dc79de2", size = 250910, upload-time = "2024-06-28T14:03:41.161Z" },
]

[[package]]
name = "pygments"
version = "2.20.0"
source = { registry = "https://pypi.org/simple" }
sdist = { url = "https://files.pythonhosted.org/packages/c3/b2/bc9c9196916376152d655522fdcebac55e66de6603a76a02bca1b6414f6c/pygments-2.20.0.tar.gz", hash = "sha256:6757cd03768053ff99f3039c1a36d6c0aa0b263438fcab17520b30a303a82b5f", size = 4955991, upload-time = "2026-03-29T13:29:33.898Z" }
wheels = [
    { url = "https://files.pythonhosted.org/packages/f4/7e/a72dd26f3b0f4f2bf1dd8923c85f7ceb43172af56d63c7383eb62b332364/pygments-2.20.0-py3-none-any.whl", hash = "sha256:81a9e26dd42fd28a23a2d169d86d7ac03b46e2f8b59ed4698fb4785f946d0176", size = 1231151, upload-time = "2026-03-29T13:29:30.038Z" },
]

[[package]]
name = "rapidfuzz"
version = "3.14.5"
source = { registry = "https://pypi.org/simple" }
sdist = { url = "https://files.pythonhosted.org/packages/2c/21/ef6157213316e85790041254259907eb722e00b03480256c0545d98acd33/rapidfuzz-3.14.5.tar.gz", hash = "sha256:ba10ac57884ce82112f7ed910b67e7fb6072d8ef2c06e30dc63c0f604a112e0e", size = 57901753, upload-time = "2026-04-07T11:16:31.931Z" }
wheels = [
    { url = "https://files.pythonhosted.org/packages/e1/f9/3c41a7be8855803f4f6c713b472226a98d31d41869d98f64f4ca790510d6/rapidfuzz-3.14.5-cp311-cp311-macosx_10_9_x86_64.whl", hash = "sha256:e251126d48615e1f02b4a178f2cd0cd4f0332b8a019c01a2e10480f7552554b4", size = 1952372, upload-time = "2026-04-07T11:13:58.32Z" },
    { url = "https://files.pythonhosted.org/packages/9e/89/c2557e37531d03465193bff0ab9de70b468420a807d71a26a65100635459/rapidfuzz-3.14.5-cp311-cp311-macosx_11_0_arm64.whl", hash = "sha256:5ab449c9abd0d4e1f8145dce0798a4c822a1a1933d613c764a641bea88b8bdab", size = 1159782, upload-time = "2026-04-07T11:14:00.127Z" },
    { url = "https://files.pythonhosted.org/packages/1a/b2/ffeeb7eca1a897d51b998f4c0ef0281696c3b06abcca4f88f9def708ffe1/rapidfuzz-3.14.5-cp311-cp311-manylinux_2_26_aarch64.manylinux_2_28_aarch64.whl", hash = "sha256:cb2829fedd672dd7107267189dabe2bbe07972801d636014417c6861eb89e358", size = 1383677, upload-time = "2026-04-07T11:14:01.696Z" },
    { url = "https://files.pythonhosted.org/packages/6b/d0/4539e42a2d596e068f7738f279638a4a74edd1fbb6f8594e2458058979c6/rapidfuzz-3.14.5-cp311-cp311-manylinux_2_27_x86_64.manylinux_2_28_x86_64.whl", hash = "sha256:3d50e5861872935fece391351cbb5ba21d1bced277cf5e1143d207a0a35f1925", size = 3168906, upload-time = "2026-04-07T11:14:03.29Z" },
    { url = "https://files.pythonhosted.org/packages/5e/1c/3ec897eb9d8b05308aa8ef6ae4ed64b088ad521a3f9d8ff469e7e97bc2b0/rapidfuzz-3.14.5-cp311-cp311-manylinux_2_39_riscv64.whl", hash = "sha256:7092a216728f80c960bd6b3807275d1ee318b168986bd5dc523349581d4890b8", size = 1478176, upload-time = "2026-04-07T11:14:04.94Z" },
    { url = "https://files.pythonhosted.org/packages/ab/ba/970c03a12ce20a5399e22afe9f8932fd4cd1265b8a8461d0e63b00eb4eae/rapidfuzz-3.14.5-cp311-cp311-musllinux_1_2_aarch64.whl", hash = "sha256:9669753caef7fdc6529f6adcc5883ed98d65976445d9322e7dbdb6b697feee13", size = 2402441, upload-time = "2026-04-07T11:14:07.228Z" },
    { url = "https://files.pythonhosted.org/packages/81/93/61d351cae60c1d0e21ba5ff1a1015ad045539ed215da9d6e302204ed887a/rapidfuzz-3.14.5-cp311-cp311-musllinux_1_2_riscv64.whl", hash = "sha256:823b1b9d9230809d8edcc18872770764bfe8ef4357995e16744047c8ccf0e489", size = 2511628, upload-time = "2026-04-07T11:14:09.234Z" },
    { url = "https://files.pythonhosted.org/packages/87/52/374d2d4f60fd98155142a869323aa221e30868cfa1f15171a0f64070c247/rapidfuzz-3.14.5-cp311-cp311-musllinux_1_2_x86_64.whl", hash = "sha256:f0b2af76b7e7060c09e1a0dfa9410eb19369cbe6164509bff2ef94094b54d2b6", size = 4275480, upload-time = "2026-04-07T11:14:11.332Z" },
    { url = "https://files.pythonhosted.org/packages/d8/04/82e7989bc9ec20a15b720a335c5cb6b0724bf6582013898f90a3280cfccd/rapidfuzz-3.14.5-cp311-cp311-win32.whl", hash = "sha256:c5801a89604c65ab4cc9e91b23bc4076d0ca80efd8c976fb63843d7879a85d7f", size = 1725627, upload-time = "2026-04-07T11:14:13.217Z" },
    { url = "https://files.pythonhosted.org/packages/b9/b5/eca8ac5609bc9bcb02bb6ff87fa5983cc92b8772d66a431556ab8a8c178f/rapidfuzz-3.14.5-cp311-cp311-win_amd64.whl", hash = "sha256:d7ca16637c0ede8243f84074044bd0b2335a0341421f8227c85756de2d18c819", size = 1545977, upload-time = "2026-04-07T11:14:14.766Z" },
    { url = "https://files.pythonhosted.org/packages/ca/e1/dbf318de28f65fa2cdd0a9dfbdee380f8199eb83b19259bc4f8592551b4e/rapidfuzz-3.14.5-cp311-cp311-win_arm64.whl", hash = "sha256:8c90cdf8516d9057e502aa6003cea71cf5ec27cc44699ca52412b502a04761bb", size = 816827, upload-time = "2026-04-07T11:14:16.788Z" },
    { url = "https://files.pythonhosted.org/packages/d3/e3/574435c6aafb80254c191ef40d7aca2cb2bb97a095ec9395e9fa59ac307a/rapidfuzz-3.14.5-cp312-cp312-macosx_10_13_x86_64.whl", hash = "sha256:0d3378f471ef440473a396ce2f8e97ee12f89a78b495540e0a5617bbfe895638", size = 1944601, upload-time = "2026-04-07T11:14:18.771Z" },
    { url = "https://files.pythonhosted.org/packages/d0/1f/fbad3102a255ecc112ce9a7e779bacab7fd14398217be8868dc9082ba363/rapidfuzz-3.14.5-cp312-cp312-macosx_11_0_arm64.whl", hash = "sha256:1e910eebca9fd0eba245c0555e764597e8a0cccb673a92da2dc2397050725f48", size = 1164293, upload-time = "2026-04-07T11:14:20.534Z" },
    { url = "https://files.pythonhosted.org/packages/88/37/a3eb7ff6121ed3a5f199a8c38cc86c8e481816f879cb0e0b738b078c9a7e/rapidfuzz-3.14.5-cp312-cp312-manylinux_2_26_aarch64.manylinux_2_28_aarch64.whl", hash = "sha256:01550fe5f60fd176aa66b7611289d46dc4aa4b1b904874c7b6d1d54e581c5ec1", size = 1371999, upload-time = "2026-04-07T11:14:22.63Z" },
    { url = "https://files.pythonhosted.org/packages/79/72/97a9728c711c7c1b06e107d3f0623880fb4ef90e147ed13c551a1730e7cc/rapidfuzz-3.14.5-cp312-cp312-manylinux_2_27_x86_64.manylinux_2_28_x86_64.whl", hash = "sha256:48bee0b91bebfaec41e1081e351000659ab7570cc4598d617aa04d5bf827f9e6", size = 3145715, upload-time = "2026-04-07T11:14:24.508Z" },
    { url = "https://files.pythonhosted.org/packages/ed/54/d5caabbea233ac90c286c87c260e49d7641467e87438a18d858e41c82e91/rapidfuzz-3.14.5-cp312-cp312-manylinux_2_39_riscv64.whl", hash = "sha256:7e580cb04ad849ae9b786fa21383c6b994b6e6c1444ad1cb9f22392759d72741", size = 1456304, upload-time = "2026-04-07T11:14:26.515Z" },
    { url = "https://files.pythonhosted.org/packages/fc/a7/2d1a81250ac8c01a0100c026018e76f0e7a097ff63e4c553e02a6938c6fb/rapidfuzz-3.14.5-cp312-cp312-musllinux_1_2_aarch64.whl", hash = "sha256:09d6c9ba091854f07817055d795d604179c12a8f308ba4c7d56f3719dfea1646", size = 2389089, upload-time = "2026-04-07T11:14:28.635Z" },
    { url = "https://files.pythonhosted.org/packages/65/0d/c47c3872203ae88e6506997c0b576ad731f5261daa25d559be09c9756658/rapidfuzz-3.14.5-cp312-cp312-musllinux_1_2_riscv64.whl", hash = "sha256:1e989f86113be66574113b9c7bdf4793f3f863d248e47d911b355e05ca6b6b10", size = 2493404, upload-time = "2026-04-07T11:14:30.577Z" },
    { url = "https://files.pythonhosted.org/packages/8f/2f/71e0a5a3130792146c8a200a2dd1e52aa16f7c1074012e17f2601eea9a90/rapidfuzz-3.14.5-cp312-cp312-musllinux_1_2_x86_64.whl", hash = "sha256:0ebd1a18e2e47bc0b292a07e6ed9c3642f8aaa672d12253885f599b50807a4f9", size = 4251709, upload-time = "2026-04-07T11:14:32.451Z" },
    { url = "https://files.pythonhosted.org/packages/86/45/d39874901abacef325adb5b34ae416817c8486dfb4fb87c7a9b74ec5b072/rapidfuzz-3.14.5-cp312-cp312-win32.whl", hash = "sha256:9981d38a703b86f0e315a3cd229fd1906fe1d91c989ed121fb975b3c849f89f5", size = 1710069, upload-time = "2026-04-07T11:14:34.37Z" },
    { url = "https://files.pythonhosted.org/packages/85/0b/f65572c53de8a1c704bda707f63a447b67bdbe95d7cdc70d18885e191df5/rapidfuzz-3.14.5-cp312-cp312-win_amd64.whl", hash = "sha256:d8375e3da319593389727c3187ccaf3e0e84199accc530866b8e0f2b79af05e9", size = 1540630, upload-time = "2026-04-07T11:14:36.287Z" },
    { url = "https://files.pythonhosted.org/packages/5e/c3/143be3a578f989758cae516f3270d5cbb49783a7bfdf57cc27a670e00456/rapidfuzz-3.14.5-cp312-cp312-win_arm64.whl", hash = "sha256:478b59bb018a6780d73f33e38d0b3ec5e968a6c1ed42876b993dd456b7aa20e8", size = 813137, upload-time = "2026-04-07T11:14:38.289Z" },
    { url = "https://files.pythonhosted.org/packages/d9/ee/e71853bf82846c5c2174b924b71d8e8099fb05ff87c958a720380b434ba3/rapidfuzz-3.14.5-pp311-pypy311_pp73-macosx_10_15_x86_64.whl", hash = "sha256:578e6051f6d5e6200c259b47a103cf06bb875ab5814d17333fc0b5c290b22f4c", size = 1888603, upload-time = "2026-04-07T11:16:18.223Z" },
    { url = "https://files.pythonhosted.org/packages/36/82/40f67b730f32be2ebad9f62add1571c754f52249254b2e88af094b907eee/rapidfuzz-3.14.5-pp311-pypy311_pp73-macosx_11_0_arm64.whl", hash = "sha256:fbf1b8bb2695415b347f3727da1addca2acb82c9b97ac86bebf8b1bead1eb12d", size = 1120599, upload-time = "2026-04-07T11:16:20.682Z" },
    { url = "https://files.pythonhosted.org/packages/ef/9f/a3635cc4ec8fc6e14b46e7db1f7f8763d8c4bef33dcc124eea2e6cb2c8f3/rapidfuzz-3.14.5-pp311-pypy311_pp73-manylinux_2_26_aarch64.manylinux_2_28_aarch64.whl", hash = "sha256:8f4a8f5cc84c7ad6bffa0e9947b33eb343ad66e6b53e94fe54378a5508c5ed53", size = 1348524, upload-time = "2026-04-07T11:16:23.451Z" },
    { url = "https://files.pythonhosted.org/packages/cc/1b/2b229520f0b48464cfcd7aa758f74551d12c9bc4ab544022a60210aab064/rapidfuzz-3.14.5-pp311-pypy311_pp73-manylinux_2_27_x86_64.manylinux_2_28_x86_64.whl", hash = "sha256:97c6d85283629646fa87acc22c66b30ea9d4de7f6fdf887daa2e30fa041829b5", size = 3099302, upload-time = "2026-04-07T11:16:25.858Z" },
    { url = "https://files.pythonhosted.org/packages/aa/b5/363906b1064fc6fe611783a61764927bbd91919aaaabe8cba82151ca93ef/rapidfuzz-3.14.5-pp311-pypy311_pp73-win_amd64.whl", hash = "sha256:dfef96543ced67d9513a422755db422ae1dc34dade0a1485e0b43e7342ed3ebf", size = 1509889, upload-time = "2026-04-07T11:16:28.487Z" },
]

[[package]]
name = "rich"
version = "15.0.0"
source = { registry = "https://pypi.org/simple" }
dependencies = [
    { name = "markdown-it-py" },
    { name = "pygments" },
]
sdist = { url = "https://files.pythonhosted.org/packages/c0/8f/0722ca900cc807c13a6a0c696dacf35430f72e0ec571c4275d2371fca3e9/rich-15.0.0.tar.gz", hash = "sha256:edd07a4824c6b40189fb7ac9bc4c52536e9780fbbfbddf6f1e2502c31b068c36", size = 230680, upload-time = "2026-04-12T08:24:00.75Z" }
wheels = [
    { url = "https://files.pythonhosted.org/packages/82/3b/64d4899d73f91ba49a8c18a8ff3f0ea8f1c1d75481760df8c68ef5235bf5/rich-15.0.0-py3-none-any.whl", hash = "sha256:33bd4ef74232fb73fe9279a257718407f169c09b78a87ad3d296f548e27de0bb", size = 310654, upload-time = "2026-04-12T08:24:02.83Z" },
]

[[package]]
name = "shellingham"
version = "1.5.4"
source = { registry = "https://pypi.org/simple" }
sdist = { url = "https://files.pythonhosted.org/packages/58/15/8b3609fd3830ef7b27b655beb4b4e9c62313a4e8da8c676e142cc210d58e/shellingham-1.5.4.tar.gz", hash = "sha256:8dbca0739d487e5bd35ab3ca4b36e11c4078f3a234bfce294b0a0291363404de", size = 10310, upload-time = "2023-10-24T04:13:40.426Z" }
wheels = [
    { url = "https://files.pythonhosted.org/packages/e0/f9/0595336914c5619e5f28a1fb793285925a8cd4b432c9da0a987836c7f822/shellingham-1.5.4-py2.py3-none-any.whl", hash = "sha256:7ecfff8f2fd72616f7481040475a65b2bf8af90a56c89140852d1120324e8686", size = 9755, upload-time = "2023-10-24T04:13:38.866Z" },
]

[[package]]
name = "typer"
version = "0.24.1"
source = { registry = "https://pypi.org/simple" }
dependencies = [
    { name = "annotated-doc" },
    { name = "click" },
    { name = "rich" },
    { name = "shellingham" },
]
sdist = { url = "https://files.pythonhosted.org/packages/f5/24/cb09efec5cc954f7f9b930bf8279447d24618bb6758d4f6adf2574c41780/typer-0.24.1.tar.gz", hash = "sha256:e39b4732d65fbdcde189ae76cf7cd48aeae72919dea1fdfc16593be016256b45", size = 118613, upload-time = "2026-02-21T16:54:40.609Z" }
wheels = [
    { url = "https://files.pythonhosted.org/packages/4a/91/48db081e7a63bb37284f9fbcefda7c44c277b18b0e13fbc36ea2335b71e6/typer-0.24.1-py3-none-any.whl", hash = "sha256:112c1f0ce578bfb4cab9ffdabc68f031416ebcc216536611ba21f04e9aa84c9e", size = 56085, upload-time = "2026-02-21T16:54:41.616Z" },
]

[[package]]
name = "typing-extensions"
version = "4.15.0"
source = { registry = "https://pypi.org/simple" }
sdist = { url = "https://files.pythonhosted.org/packages/72/94/1a15dd82efb362ac84269196e94cf00f187f7ed21c242792a923cdb1c61f/typing_extensions-4.15.0.tar.gz", hash = "sha256:0cea48d173cc12fa28ecabc3b837ea3cf6f38c6d1136f85cbaaf598984861466", size = 109391, upload-time = "2025-08-25T13:49:26.313Z" }
wheels = [
    { url = "https://files.pythonhosted.org/packages/18/67/36e9267722cc04a6b9f15c7f3441c2363321a3ea07da7ae0c0707beb2a9c/typing_extensions-4.15.0-py3-none-any.whl", hash = "sha256:f0fa19c6845758ab08074a0cfa8b7aecb71c999ca73d62883bc25cc018c4e548", size = 44614, upload-time = "2025-08-25T13:49:24.86Z" },
]

[[package]]
name = "win32-setctime"
version = "1.2.0"
source = { registry = "https://pypi.org/simple" }
sdist = { url = "https://files.pythonhosted.org/packages/b3/8f/705086c9d734d3b663af0e9bb3d4de6578d08f46b1b101c2442fd9aecaa2/win32_setctime-1.2.0.tar.gz", hash = "sha256:ae1fdf948f5640aae05c511ade119313fb6a30d7eabe25fef9764dca5873c4c0", size = 4867, upload-time = "2024-12-07T15:28:28.314Z" }
wheels = [
    { url = "https://files.pythonhosted.org/packages/e1/07/c6fe3ad3e685340704d314d765b7912993bcb8dc198f0e7a89382d37974b/win32_setctime-1.2.0-py3-none-any.whl", hash = "sha256:95d644c4e708aba81dc3704a116d8cbc974d70b3bdb8be1d150e36be6e9d1390", size = 4083, upload-time = "2024-12-07T15:28:26.465Z" },
]
