version = 1
revision = 3
requires-python = "==3.12.*"

[[package]]
name = "annotated-doc"
version = "0.0.4"
source = { registry = "https://pypi.org/simple" }
sdist = { url = "https://files.pythonhosted.org/packages/57/ba/046ceea27344560984e26a590f90bc7f4a75b06701f653222458922b558c/annotated_doc-0.0.4.tar.gz", hash = "sha256:fbcda96e87e9c92ad167c2e53839e57503ecfda18804ea28102353485033faa4", size = 7288, upload-time = "2025-11-10T22:07:42.062Z" }
wheels = [
    { url = "https://files.pythonhosted.org/packages/1e/d3/26bf1008eb3d2daa8ef4cacc7f3bfdc11818d111f7e2d0201bc6e3b49d45/annotated_doc-0.0.4-py3-none-any.whl", hash = "sha256:571ac1dc6991c450b25a9c2d84a3705e2ae7a53467b5d111c24fa8baabbed320", size = 5303, upload-time = "2025-11-10T22:07:40.673Z" },
]

[[package]]
name = "click"
version = "8.3.3"
source = { registry = "https://pypi.org/simple" }
dependencies = [
    { name = "colorama", marker = "sys_platform == 'win32'" },
]
sdist = { url = "https://files.pythonhosted.org/packages/bb/63/f9e1ea081ce35720d8b92acde70daaedace594dc93b693c869e0d5910718/click-8.3.3.tar.gz", hash = "sha256:398329ad4837b2ff7cbe1dd166a4c0f8900c3ca3a218de04466f38f6497f18a2", size = 328061, upload-time = "2026-04-22T15:11:27.506Z" }
wheels = [
    { url = "https://files.pythonhosted.org/packages/ae/44/c1221527f6a71a01ec6fbad7fa78f1d50dfa02217385cf0fa3eec7087d59/click-8.3.3-py3-none-any.whl", hash = "sha256:a2bf429bb3033c89fa4936ffb35d5cb471e3719e1f3c8a7c3fff0b8314305613", size = 110502, upload-time = "2026-04-22T15:11:25.044Z" },
]

[[package]]
name = "colorama"
version = "0.4.6"
source = { registry = "https://pypi.org/simple" }
sdist = { url = "https://files.pythonhosted.org/packages/d8/53/6f443c9a4a8358a93a6792e2acffb9d9d5cb0a5cfd8802644b7b1c9a02e4/colorama-0.4.6.tar.gz", hash = "sha256:08695f5cb7ed6e0531a20572697297273c47b8cae5a63ffc6d6ed5c201be6e44", size = 27697, upload-time = "2022-10-25T02:36:22.414Z" }
wheels = [
    { url = "https://files.pythonhosted.org/packages/d1/d6/3965ed04c63042e047cb6a3e6ed1a63a35087b6a609aa3a15ed8ac56c221/colorama-0.4.6-py2.py3-none-any.whl", hash = "sha256:4f1d9991f5acc0ca119f9d443620b77f9d6b33703e51011c16baf57afb285fc6", size = 25335, upload-time = "2022-10-25T02:36:20.889Z" },
]

[[package]]
name = "create-design-board"
version = "1.0.0"
source = { virtual = "." }
dependencies = [
    { name = "loguru" },
    { name = "pillow" },
    { name = "typer" },
]

[package.metadata]
requires-dist = [
    { name = "loguru", specifier = ">=0.7.0,<0.7.3" },
    { name = "pillow", specifier = ">=10.0" },
    { name = "typer", specifier = ">=0.12" },
]

[[package]]
name = "loguru"
version = "0.7.2"
source = { registry = "https://pypi.org/simple" }
dependencies = [
    { name = "colorama", marker = "sys_platform == 'win32'" },
    { name = "win32-setctime", marker = "sys_platform == 'win32'" },
]
sdist = { url = "https://files.pythonhosted.org/packages/9e/30/d87a423766b24db416a46e9335b9602b054a72b96a88a241f2b09b560fa8/loguru-0.7.2.tar.gz", hash = "sha256:e671a53522515f34fd406340ee968cb9ecafbc4b36c679da03c18fd8d0bd51ac", size = 145103, upload-time = "2023-09-11T15:24:37.926Z" }
wheels = [
    { url = "https://files.pythonhosted.org/packages/03/0a/4f6fed21aa246c6b49b561ca55facacc2a44b87d65b8b92362a8e99ba202/loguru-0.7.2-py3-none-any.whl", hash = "sha256:003d71e3d3ed35f0f8984898359d65b79e5b21943f78af86aa5491210429b8eb", size = 62549, upload-time = "2023-09-11T15:24:35.016Z" },
]

[[package]]
name = "markdown-it-py"
version = "4.0.0"
source = { registry = "https://pypi.org/simple" }
dependencies = [
    { name = "mdurl" },
]
sdist = { url = "https://files.pythonhosted.org/packages/5b/f5/4ec618ed16cc4f8fb3b701563655a69816155e79e24a17b651541804721d/markdown_it_py-4.0.0.tar.gz", hash = "sha256:cb0a2b4aa34f932c007117b194e945bd74e0ec24133ceb5bac59009cda1cb9f3", size = 73070, upload-time = "2025-08-11T12:57:52.854Z" }
wheels = [
    { url = "https://files.pythonhosted.org/packages/94/54/e7d793b573f298e1c9013b8c4dade17d481164aa517d1d7148619c2cedbf/markdown_it_py-4.0.0-py3-none-any.whl", hash = "sha256:87327c59b172c5011896038353a81343b6754500a08cd7a4973bb48c6d578147", size = 87321, upload-time = "2025-08-11T12:57:51.923Z" },
]

[[package]]
name = "mdurl"
version = "0.1.2"
source = { registry = "https://pypi.org/simple" }
sdist = { url = "https://files.pythonhosted.org/packages/d6/54/cfe61301667036ec958cb99bd3efefba235e65cdeb9c84d24a8293ba1d90/mdurl-0.1.2.tar.gz", hash = "sha256:bb413d29f5eea38f31dd4754dd7377d4465116fb207585f97bf925588687c1ba", size = 8729, upload-time = "2022-08-14T12:40:10.846Z" }
wheels = [
    { url = "https://files.pythonhosted.org/packages/b3/38/89ba8ad64ae25be8de66a6d463314cf1eb366222074cfda9ee839c56a4b4/mdurl-0.1.2-py3-none-any.whl", hash = "sha256:84008a41e51615a49fc9966191ff91509e3c40b939176e643fd50a5c2196b8f8", size = 9979, upload-time = "2022-08-14T12:40:09.779Z" },
]

[[package]]
name = "pillow"
version = "12.2.0"
source = { registry = "https://pypi.org/simple" }
sdist = { url = "https://files.pythonhosted.org/packages/8c/21/c2bcdd5906101a30244eaffc1b6e6ce71a31bd0742a01eb89e660ebfac2d/pillow-12.2.0.tar.gz", hash = "sha256:a830b1a40919539d07806aa58e1b114df53ddd43213d9c8b75847eee6c0182b5", size = 46987819, upload-time = "2026-04-01T14:46:17.687Z" }
wheels = [
    { url = "https://files.pythonhosted.org/packages/58/be/7482c8a5ebebbc6470b3eb791812fff7d5e0216c2be3827b30b8bb6603ed/pillow-12.2.0-cp312-cp312-macosx_10_13_x86_64.whl", hash = "sha256:2d192a155bbcec180f8564f693e6fd9bccff5a7af9b32e2e4bf8c9c69dbad6b5", size = 5308279, upload-time = "2026-04-01T14:43:13.246Z" },
    { url = "https://files.pythonhosted.org/packages/d8/95/0a351b9289c2b5cbde0bacd4a83ebc44023e835490a727b2a3bd60ddc0f4/pillow-12.2.0-cp312-cp312-macosx_11_0_arm64.whl", hash = "sha256:f3f40b3c5a968281fd507d519e444c35f0ff171237f4fdde090dd60699458421", size = 4695490, upload-time = "2026-04-01T14:43:15.584Z" },
    { url = "https://files.pythonhosted.org/packages/de/af/4e8e6869cbed569d43c416fad3dc4ecb944cb5d9492defaed89ddd6fe871/pillow-12.2.0-cp312-cp312-manylinux2014_aarch64.manylinux_2_17_aarch64.whl", hash = "sha256:03e7e372d5240cc23e9f07deca4d775c0817bffc641b01e9c3af208dbd300987", size = 6284462, upload-time = "2026-04-01T14:43:18.268Z" },
    { url = "https://files.pythonhosted.org/packages/e9/9e/c05e19657fd57841e476be1ab46c4d501bffbadbafdc31a6d665f8b737b6/pillow-12.2.0-cp312-cp312-manylinux2014_x86_64.manylinux_2_17_x86_64.whl", hash = "sha256:b86024e52a1b269467a802258c25521e6d742349d760728092e1bc2d135b4d76", size = 8094744, upload-time = "2026-04-01T14:43:20.716Z" },
    { url = "https://files.pythonhosted.org/packages/2b/54/1789c455ed10176066b6e7e6da1b01e50e36f94ba584dc68d9eebfe9156d/pillow-12.2.0-cp312-cp312-manylinux_2_27_aarch64.manylinux_2_28_aarch64.whl", hash = "sha256:7371b48c4fa448d20d2714c9a1f775a81155050d383333e0a6c15b1123dda005", size = 6398371, upload-time = "2026-04-01T14:43:23.443Z" },
    { url = "https://files.pythonhosted.org/packages/43/e3/fdc657359e919462369869f1c9f0e973f353f9a9ee295a39b1fea8ee1a77/pillow-12.2.0-cp312-cp312-manylinux_2_27_x86_64.manylinux_2_28_x86_64.whl", hash = "sha256:62f5409336adb0663b7caa0da5c7d9e7bdbaae9ce761d34669420c2a801b2780", size = 7087215, upload-time = "2026-04-01T14:43:26.758Z" },
    { url = "https://files.pythonhosted.org/packages/8b/f8/2f6825e441d5b1959d2ca5adec984210f1ec086435b0ed5f52c19b3b8a6e/pillow-12.2.0-cp312-cp312-musllinux_1_2_aarch64.whl", hash = "sha256:01afa7cf67f74f09523699b4e88c73fb55c13346d212a59a2db1f86b0a63e8c5", size = 6509783, upload-time = "2026-04-01T14:43:29.56Z" },
    { url = "https://files.pythonhosted.org/packages/67/f9/029a27095ad20f854f9dba026b3ea6428548316e057e6fc3545409e86651/pillow-12.2.0-cp312-cp312-musllinux_1_2_x86_64.whl", hash = "sha256:fc3d34d4a8fbec3e88a79b92e5465e0f9b842b628675850d860b8bd300b159f5", size = 7212112, upload-time = "2026-04-01T14:43:32.091Z" },
    { url = "https://files.pythonhosted.org/packages/be/42/025cfe05d1be22dbfdb4f264fe9de1ccda83f66e4fc3aac94748e784af04/pillow-12.2.0-cp312-cp312-win32.whl", hash = "sha256:58f62cc0f00fd29e64b29f4fd923ffdb3859c9f9e6105bfc37ba1d08994e8940", size = 6378489, upload-time = "2026-04-01T14:43:34.601Z" },
    { url = "https://files.pythonhosted.org/packages/5d/7b/25a221d2c761c6a8ae21bfa3874988ff2583e19cf8a27bf2fee358df7942/pillow-12.2.0-cp312-cp312-win_amd64.whl", hash = "sha256:7f84204dee22a783350679a0333981df803dac21a0190d706a50475e361c93f5", size = 7084129, upload-time = "2026-04-01T14:43:37.213Z" },
    { url = "https://files.pythonhosted.org/packages/10/e1/542a474affab20fd4a0f1836cb234e8493519da6b76899e30bcc5d990b8b/pillow-12.2.0-cp312-cp312-win_arm64.whl", hash = "sha256:af73337013e0b3b46f175e79492d96845b16126ddf79c438d7ea7ff27783a414", size = 2463612, upload-time = "2026-04-01T14:43:39.421Z" },
]

[[package]]
name = "pygments"
version = "2.20.0"
source = { registry = "https://pypi.org/simple" }
sdist = { url = "https://files.pythonhosted.org/packages/c3/b2/bc9c9196916376152d655522fdcebac55e66de6603a76a02bca1b6414f6c/pygments-2.20.0.tar.gz", hash = "sha256:6757cd03768053ff99f3039c1a36d6c0aa0b263438fcab17520b30a303a82b5f", size = 4955991, upload-time = "2026-03-29T13:29:33.898Z" }
wheels = [
    { url = "https://files.pythonhosted.org/packages/f4/7e/a72dd26f3b0f4f2bf1dd8923c85f7ceb43172af56d63c7383eb62b332364/pygments-2.20.0-py3-none-any.whl", hash = "sha256:81a9e26dd42fd28a23a2d169d86d7ac03b46e2f8b59ed4698fb4785f946d0176", size = 1231151, upload-time = "2026-03-29T13:29:30.038Z" },
]

[[package]]
name = "rich"
version = "15.0.0"
source = { registry = "https://pypi.org/simple" }
dependencies = [
    { name = "markdown-it-py" },
    { name = "pygments" },
]
sdist = { url = "https://files.pythonhosted.org/packages/c0/8f/0722ca900cc807c13a6a0c696dacf35430f72e0ec571c4275d2371fca3e9/rich-15.0.0.tar.gz", hash = "sha256:edd07a4824c6b40189fb7ac9bc4c52536e9780fbbfbddf6f1e2502c31b068c36", size = 230680, upload-time = "2026-04-12T08:24:00.75Z" }
wheels = [
    { url = "https://files.pythonhosted.org/packages/82/3b/64d4899d73f91ba49a8c18a8ff3f0ea8f1c1d75481760df8c68ef5235bf5/rich-15.0.0-py3-none-any.whl", hash = "sha256:33bd4ef74232fb73fe9279a257718407f169c09b78a87ad3d296f548e27de0bb", size = 310654, upload-time = "2026-04-12T08:24:02.83Z" },
]

[[package]]
name = "shellingham"
version = "1.5.4"
source = { registry = "https://pypi.org/simple" }
sdist = { url = "https://files.pythonhosted.org/packages/58/15/8b3609fd3830ef7b27b655beb4b4e9c62313a4e8da8c676e142cc210d58e/shellingham-1.5.4.tar.gz", hash = "sha256:8dbca0739d487e5bd35ab3ca4b36e11c4078f3a234bfce294b0a0291363404de", size = 10310, upload-time = "2023-10-24T04:13:40.426Z" }
wheels = [
    { url = "https://files.pythonhosted.org/packages/e0/f9/0595336914c5619e5f28a1fb793285925a8cd4b432c9da0a987836c7f822/shellingham-1.5.4-py2.py3-none-any.whl", hash = "sha256:7ecfff8f2fd72616f7481040475a65b2bf8af90a56c89140852d1120324e8686", size = 9755, upload-time = "2023-10-24T04:13:38.866Z" },
]

[[package]]
name = "typer"
version = "0.25.1"
source = { registry = "https://pypi.org/simple" }
dependencies = [
    { name = "annotated-doc" },
    { name = "click" },
    { name = "rich" },
    { name = "shellingham" },
]
sdist = { url = "https://files.pythonhosted.org/packages/e4/51/9aed62104cea109b820bbd6c14245af756112017d309da813ef107d42e7e/typer-0.25.1.tar.gz", hash = "sha256:9616eb8853a09ffeabab1698952f33c6f29ffdbceb4eaeecf571880e8d7664cc", size = 122276, upload-time = "2026-04-30T19:32:16.964Z" }
wheels = [
    { url = "https://files.pythonhosted.org/packages/3f/f9/2b3ff4e56e5fa7debfaf9eb135d0da96f3e9a1d5b27222223c7296336e5f/typer-0.25.1-py3-none-any.whl", hash = "sha256:75caa44ed46a03fb2dab8808753ffacdbfea88495e74c85a28c5eefcf5f39c89", size = 58409, upload-time = "2026-04-30T19:32:18.271Z" },
]

[[package]]
name = "win32-setctime"
version = "1.2.0"
source = { registry = "https://pypi.org/simple" }
sdist = { url = "https://files.pythonhosted.org/packages/b3/8f/705086c9d734d3b663af0e9bb3d4de6578d08f46b1b101c2442fd9aecaa2/win32_setctime-1.2.0.tar.gz", hash = "sha256:ae1fdf948f5640aae05c511ade119313fb6a30d7eabe25fef9764dca5873c4c0", size = 4867, upload-time = "2024-12-07T15:28:28.314Z" }
wheels = [
    { url = "https://files.pythonhosted.org/packages/e1/07/c6fe3ad3e685340704d314d765b7912993bcb8dc198f0e7a89382d37974b/win32_setctime-1.2.0-py3-none-any.whl", hash = "sha256:95d644c4e708aba81dc3704a116d8cbc974d70b3bdb8be1d150e36be6e9d1390", size = 4083, upload-time = "2024-12-07T15:28:26.465Z" },
]
