{
  "schema": "webgpt.submit_output_lock.v1",
  "pid": 1795208,
  "started_at": "2026-07-19T16:45:33Z",
  "response_path": "/home/graham/workspace/experiments/agent-skills-main/skills/persona-dream/review-bundles/replay_visibility_fix_reassess_20260719-assess-response.md",
  "raw_path": "/home/graham/workspace/experiments/agent-skills-main/skills/persona-dream/review-bundles/replay_visibility_fix_reassess_20260719-assess-response.raw.md",
  "meta_path": "/home/graham/workspace/experiments/agent-skills-main/skills/persona-dream/review-bundles/replay_visibility_fix_reassess_20260719-assess-response.meta.json",
  "receipt_path": "/home/graham/workspace/experiments/agent-skills-main/skills/persona-dream/review-bundles/replay_visibility_fix_reassess_20260719-assess-response.receipt.json"
}
